// !$*UTF8*$!
{
	archiveVersion = 1;
	classes = {
	};
	objectVersion = 77;
	objects = {

/* Begin PBXBuildFile section */
		03395A162DC3F24C000AC166 /* FirebaseAuth in Frameworks */ = {isa = PBXBuildFile; productRef = 03395A152DC3F24C000AC166 /* FirebaseAuth */; };
		03395A182DC3F24C000AC166 /* FirebaseFirestore in Frameworks */ = {isa = PBXBuildFile; productRef = 03395A172DC3F24C000AC166 /* FirebaseFirestore */; };
/* End PBXBuildFile section */

/* Begin PBXContainerItemProxy section */
		033959DE2DC3DF68000AC166 /* PBXContainerItemProxy */ = {
			isa = PBXContainerItemProxy;
			containerPortal = 033959C82DC3DF67000AC166 /* Project object */;
			proxyType = 1;
			remoteGlobalIDString = 033959CF2DC3DF67000AC166;
			remoteInfo = "Forget Me Not";
		};
		033959E82DC3DF68000AC166 /* PBXContainerItemProxy */ = {
			isa = PBXContainerItemProxy;
			containerPortal = 033959C82DC3DF67000AC166 /* Project object */;
			proxyType = 1;
			remoteGlobalIDString = 033959CF2DC3DF67000AC166;
			remoteInfo = "Forget Me Not";
		};
/* End PBXContainerItemProxy section */

/* Begin PBXFileReference section */
		033959D02DC3DF67000AC166 /* Forget Me Not.app */ = {isa = PBXFileReference; explicitFileType = wrapper.application; includeInIndex = 0; path = "Forget Me Not.app"; sourceTree = BUILT_PRODUCTS_DIR; };
		033959DD2DC3DF68000AC166 /* Forget Me NotTests.xctest */ = {isa = PBXFileReference; explicitFileType = wrapper.cfbundle; includeInIndex = 0; path = "Forget Me NotTests.xctest"; sourceTree = BUILT_PRODUCTS_DIR; };
		033959E72DC3DF68000AC166 /* Forget Me NotUITests.xctest */ = {isa = PBXFileReference; explicitFileType = wrapper.cfbundle; includeInIndex = 0; path = "Forget Me NotUITests.xctest"; sourceTree = BUILT_PRODUCTS_DIR; };
/* End PBXFileReference section */

/* Begin PBXFileSystemSynchronizedBuildFileExceptionSet section */
		03EA442D2DC9292E0087A9EE /* Exceptions for "Forget Me NotTests" folder in "Forget Me Not" target */ = {
			isa = PBXFileSystemSynchronizedBuildFileExceptionSet;
			membershipExceptions = (
				ListView.swift,
			);
			target = 033959CF2DC3DF67000AC166 /* Forget Me Not */;
		};
		03EA442E2DC9292E0087A9EE /* Exceptions for "Forget Me NotTests" folder in "Forget Me NotTests" target */ = {
			isa = PBXFileSystemSynchronizedBuildFileExceptionSet;
			membershipExceptions = (
				ListView.swift,
			);
			target = 033959DC2DC3DF68000AC166 /* Forget Me NotTests */;
		};
/* End PBXFileSystemSynchronizedBuildFileExceptionSet section */

/* Begin PBXFileSystemSynchronizedRootGroup section */
		033959D22DC3DF67000AC166 /* Forget Me Not */ = {
			isa = PBXFileSystemSynchronizedRootGroup;
			path = "Forget Me Not";
			sourceTree = "<group>";
		};
		033959E02DC3DF68000AC166 /* Forget Me NotTests */ = {
			isa = PBXFileSystemSynchronizedRootGroup;
			exceptions = (
				03EA442D2DC9292E0087A9EE /* Exceptions for "Forget Me NotTests" folder in "Forget Me Not" target */,
				03EA442E2DC9292E0087A9EE /* Exceptions for "Forget Me NotTests" folder in "Forget Me NotTests" target */,
			);
			path = "Forget Me NotTests";
			sourceTree = "<group>";
		};
		033959EA2DC3DF68000AC166 /* Forget Me NotUITests */ = {
			isa = PBXFileSystemSynchronizedRootGroup;
			path = "Forget Me NotUITests";
			sourceTree = "<group>";
		};
/* End PBXFileSystemSynchronizedRootGroup section */

/* Begin PBXFrameworksBuildPhase section */
		033959CD2DC3DF67000AC166 /* Frameworks */ = {
			isa = PBXFrameworksBuildPhase;
			buildActionMask = 2147483647;
			files = (
				03395A162DC3F24C000AC166 /* FirebaseAuth in Frameworks */,
				03395A182DC3F24C000AC166 /* FirebaseFirestore in Frameworks */,
			);
			runOnlyForDeploymentPostprocessing = 0;
		};
		033959DA2DC3DF68000AC166 /* Frameworks */ = {
			isa = PBXFrameworksBuildPhase;
			buildActionMask = 2147483647;
			files = (
			);
			runOnlyForDeploymentPostprocessing = 0;
		};
		033959E42DC3DF68000AC166 /* Frameworks */ = {
			isa = PBXFrameworksBuildPhase;
			buildActionMask = 2147483647;
			files = (
			);
			runOnlyForDeploymentPostprocessing = 0;
		};
/* End PBXFrameworksBuildPhase section */

/* Begin PBXGroup section */
		033959C72DC3DF67000AC166 = {
			isa = PBXGroup;
			children = (
				033959D22DC3DF67000AC166 /* Forget Me Not */,
				033959E02DC3DF68000AC166 /* Forget Me NotTests */,
				033959EA2DC3DF68000AC166 /* Forget Me NotUITests */,
				033959D12DC3DF67000AC166 /* Products */,
			);
			sourceTree = "<group>";
		};
		033959D12DC3DF67000AC166 /* Products */ = {
			isa = PBXGroup;
			children = (
				033959D02DC3DF67000AC166 /* Forget Me Not.app */,
				033959DD2DC3DF68000AC166 /* Forget Me NotTests.xctest */,
				033959E72DC3DF68000AC166 /* Forget Me NotUITests.xctest */,
			);
			name = Products;
			sourceTree = "<group>";
		};
/* End PBXGroup section */

/* Begin PBXNativeTarget section */
		033959CF2DC3DF67000AC166 /* Forget Me Not */ = {
			isa = PBXNativeTarget;
			buildConfigurationList = 033959F12DC3DF68000AC166 /* Build configuration list for PBXNativeTarget "Forget Me Not" */;
			buildPhases = (
				033959CC2DC3DF67000AC166 /* Sources */,
				033959CD2DC3DF67000AC166 /* Frameworks */,
				033959CE2DC3DF67000AC166 /* Resources */,
			);
			buildRules = (
			);
			dependencies = (
			);
			fileSystemSynchronizedGroups = (
				033959D22DC3DF67000AC166 /* Forget Me Not */,
			);
			name = "Forget Me Not";
			packageProductDependencies = (
				03395A152DC3F24C000AC166 /* FirebaseAuth */,
				03395A172DC3F24C000AC166 /* FirebaseFirestore */,
			);
			productName = "Forget Me Not";
			productReference = 033959D02DC3DF67000AC166 /* Forget Me Not.app */;
			productType = "com.apple.product-type.application";
		};
		033959DC2DC3DF68000AC166 /* Forget Me NotTests */ = {
			isa = PBXNativeTarget;
			buildConfigurationList = 033959F42DC3DF68000AC166 /* Build configuration list for PBXNativeTarget "Forget Me NotTests" */;
			buildPhases = (
				033959D92DC3DF68000AC166 /* Sources */,
				033959DA2DC3DF68000AC166 /* Frameworks */,
				033959DB2DC3DF68000AC166 /* Resources */,
			);
			buildRules = (
			);
			dependencies = (
				033959DF2DC3DF68000AC166 /* PBXTargetDependency */,
			);
			fileSystemSynchronizedGroups = (
				033959E02DC3DF68000AC166 /* Forget Me NotTests */,
			);
			name = "Forget Me NotTests";
			packageProductDependencies = (
			);
			productName = "Forget Me NotTests";
			productReference = 033959DD2DC3DF68000AC166 /* Forget Me NotTests.xctest */;
			productType = "com.apple.product-type.bundle.unit-test";
		};
		033959E62DC3DF68000AC166 /* Forget Me NotUITests */ = {
			isa = PBXNativeTarget;
			buildConfigurationList = 033959F72DC3DF68000AC166 /* Build configuration list for PBXNativeTarget "Forget Me NotUITests" */;
			buildPhases = (
				033959E32DC3DF68000AC166 /* Sources */,
				033959E42DC3DF68000AC166 /* Frameworks */,
				033959E52DC3DF68000AC166 /* Resources */,
			);
			buildRules = (
			);
			dependencies = (
				033959E92DC3DF68000AC166 /* PBXTargetDependency */,
			);
			fileSystemSynchronizedGroups = (
				033959EA2DC3DF68000AC166 /* Forget Me NotUITests */,
			);
			name = "Forget Me NotUITests";
			packageProductDependencies = (
			);
			productName = "Forget Me NotUITests";
			productReference = 033959E72DC3DF68000AC166 /* Forget Me NotUITests.xctest */;
			productType = "com.apple.product-type.bundle.ui-testing";
		};
/* End PBXNativeTarget section */

/* Begin PBXProject section */
		033959C82DC3DF67000AC166 /* Project object */ = {
			isa = PBXProject;
			attributes = {
				BuildIndependentTargetsInParallel = 1;
				LastSwiftUpdateCheck = 1630;
				LastUpgradeCheck = 1630;
				TargetAttributes = {
					033959CF2DC3DF67000AC166 = {
						CreatedOnToolsVersion = 16.3;
					};
					033959DC2DC3DF68000AC166 = {
						CreatedOnToolsVersion = 16.3;
						TestTargetID = 033959CF2DC3DF67000AC166;
					};
					033959E62DC3DF68000AC166 = {
						CreatedOnToolsVersion = 16.3;
						TestTargetID = 033959CF2DC3DF67000AC166;
					};
				};
			};
			buildConfigurationList = 033959CB2DC3DF67000AC166 /* Build configuration list for PBXProject "Forget Me Not" */;
			developmentRegion = en;
			hasScannedForEncodings = 0;
			knownRegions = (
				en,
				Base,
			);
			mainGroup = 033959C72DC3DF67000AC166;
			minimizedProjectReferenceProxies = 1;
			packageReferences = (
				03395A142DC3F24C000AC166 /* XCRemoteSwiftPackageReference "firebase-ios-sdk" */,
			);
			preferredProjectObjectVersion = 77;
			productRefGroup = 033959D12DC3DF67000AC166 /* Products */;
			projectDirPath = "";
			projectRoot = "";
			targets = (
				033959CF2DC3DF67000AC166 /* Forget Me Not */,
				033959DC2DC3DF68000AC166 /* Forget Me NotTests */,
				033959E62DC3DF68000AC166 /* Forget Me NotUITests */,
			);
		};
/* End PBXProject section */

/* Begin PBXResourcesBuildPhase section */
		033959CE2DC3DF67000AC166 /* Resources */ = {
			isa = PBXResourcesBuildPhase;
			buildActionMask = 2147483647;
			files = (
			);
			runOnlyForDeploymentPostprocessing = 0;
		};
		033959DB2DC3DF68000AC166 /* Resources */ = {
			isa = PBXResourcesBuildPhase;
			buildActionMask = 2147483647;
			files = (
			);
			runOnlyForDeploymentPostprocessing = 0;
		};
		033959E52DC3DF68000AC166 /* Resources */ = {
			isa = PBXResourcesBuildPhase;
			buildActionMask = 2147483647;
			files = (
			);
			runOnlyForDeploymentPostprocessing = 0;
		};
/* End PBXResourcesBuildPhase section */

/* Begin PBXSourcesBuildPhase section */
		033959CC2DC3DF67000AC166 /* Sources */ = {
			isa = PBXSourcesBuildPhase;
			buildActionMask = 2147483647;
			files = (
			);
			runOnlyForDeploymentPostprocessing = 0;
		};
		033959D92DC3DF68000AC166 /* Sources */ = {
			isa = PBXSourcesBuildPhase;
			buildActionMask = 2147483647;
			files = (
			);
			runOnlyForDeploymentPostprocessing = 0;
		};
		033959E32DC3DF68000AC166 /* Sources */ = {
			isa = PBXSourcesBuildPhase;
			buildActionMask = 2147483647;
			files = (
			);
			runOnlyForDeploymentPostprocessing = 0;
		};
/* End PBXSourcesBuildPhase section */

/* Begin PBXTargetDependency section */
		033959DF2DC3DF68000AC166 /* PBXTargetDependency */ = {
			isa = PBXTargetDependency;
			target = 033959CF2DC3DF67000AC166 /* Forget Me Not */;
			targetProxy = 033959DE2DC3DF68000AC166 /* PBXContainerItemProxy */;
		};
		033959E92DC3DF68000AC166 /* PBXTargetDependency */ = {
			isa = PBXTargetDependency;
			target = 033959CF2DC3DF67000AC166 /* Forget Me Not */;
			targetProxy = 033959E82DC3DF68000AC166 /* PBXContainerItemProxy */;
		};
/* End PBXTargetDependency section */

/* Begin XCBuildConfiguration section */
		033959EF2DC3DF68000AC166 /* Debug */ = {
			isa = XCBuildConfiguration;
			buildSettings = {
				ALWAYS_SEARCH_USER_PATHS = NO;
				ASSETCATALOG_COMPILER_GENERATE_SWIFT_ASSET_SYMBOL_EXTENSIONS = YES;
				CLANG_ANALYZER_NONNULL = YES;
				CLANG_ANALYZER_NUMBER_OBJECT_CONVERSION = YES_AGGRESSIVE;
				CLANG_CXX_LANGUAGE_STANDARD = "gnu++20";
				CLANG_ENABLE_MODULES = YES;
				CLANG_ENABLE_OBJC_ARC = YES;
				CLANG_ENABLE_OBJC_WEAK = YES;
				CLANG_WARN_BLOCK_CAPTURE_AUTORELEASING = YES;
				CLANG_WARN_BOOL_CONVERSION = YES;
				CLANG_WARN_COMMA = YES;
				CLANG_WARN_CONSTANT_CONVERSION = YES;
				CLANG_WARN_DEPRECATED_OBJC_IMPLEMENTATIONS = YES;
				CLANG_WARN_DIRECT_OBJC_ISA_USAGE = YES_ERROR;
				CLANG_WARN_DOCUMENTATION_COMMENTS = YES;
				CLANG_WARN_EMPTY_BODY = YES;
				CLANG_WARN_ENUM_CONVERSION = YES;
				CLANG_WARN_INFINITE_RECURSION = YES;
				CLANG_WARN_INT_CONVERSION = YES;
				CLANG_WARN_NON_LITERAL_NULL_CONVERSION = YES;
				CLANG_WARN_OBJC_IMPLICIT_RETAIN_SELF = YES;
				CLANG_WARN_OBJC_LITERAL_CONVERSION = YES;
				CLANG_WARN_OBJC_ROOT_CLASS = YES_ERROR;
				CLANG_WARN_QUOTED_INCLUDE_IN_FRAMEWORK_HEADER = YES;
				CLANG_WARN_RANGE_LOOP_ANALYSIS = YES;
				CLANG_WARN_STRICT_PROTOTYPES = YES;
				CLANG_WARN_SUSPICIOUS_MOVE = YES;
				CLANG_WARN_UNGUARDED_AVAILABILITY = YES_AGGRESSIVE;
				CLANG_WARN_UNREACHABLE_CODE = YES;
				CLANG_WARN__DUPLICATE_METHOD_MATCH = YES;
				COPY_PHASE_STRIP = NO;
				DEBUG_INFORMATION_FORMAT = dwarf;
				DEVELOPMENT_TEAM = JCU86JR832;
				ENABLE_STRICT_OBJC_MSGSEND = YES;
				ENABLE_TESTABILITY = YES;
				ENABLE_USER_SCRIPT_SANDBOXING = YES;
				GCC_C_LANGUAGE_STANDARD = gnu17;
				GCC_DYNAMIC_NO_PIC = NO;
				GCC_NO_COMMON_BLOCKS = YES;
				GCC_OPTIMIZATION_LEVEL = 0;
				GCC_PREPROCESSOR_DEFINITIONS = (
					"DEBUG=1",
					"$(inherited)",
				);
				GCC_WARN_64_TO_32_BIT_CONVERSION = YES;
				GCC_WARN_ABOUT_RETURN_TYPE = YES_ERROR;
				GCC_WARN_UNDECLARED_SELECTOR = YES;
				GCC_WARN_UNINITIALIZED_AUTOS = YES_AGGRESSIVE;
				GCC_WARN_UNUSED_FUNCTION = YES;
				GCC_WARN_UNUSED_VARIABLE = YES;
				IPHONEOS_DEPLOYMENT_TARGET = 18.4;
				LOCALIZATION_PREFERS_STRING_CATALOGS = YES;
				MTL_ENABLE_DEBUG_INFO = INCLUDE_SOURCE;
				MTL_FAST_MATH = YES;
				ONLY_ACTIVE_ARCH = YES;
				SDKROOT = iphoneos;
				SWIFT_ACTIVE_COMPILATION_CONDITIONS = "DEBUG $(inherited)";
				SWIFT_OPTIMIZATION_LEVEL = "-Onone";
			};
			name = Debug;
		};
		033959F02DC3DF68000AC166 /* Release */ = {
			isa = XCBuildConfiguration;
			buildSettings = {
				ALWAYS_SEARCH_USER_PATHS = NO;
				ASSETCATALOG_COMPILER_GENERATE_SWIFT_ASSET_SYMBOL_EXTENSIONS = YES;
				CLANG_ANALYZER_NONNULL = YES;
				CLANG_ANALYZER_NUMBER_OBJECT_CONVERSION = YES_AGGRESSIVE;
				CLANG_CXX_LANGUAGE_STANDARD = "gnu++20";
				CLANG_ENABLE_MODULES = YES;
				CLANG_ENABLE_OBJC_ARC = YES;
				CLANG_ENABLE_OBJC_WEAK = YES;
				CLANG_WARN_BLOCK_CAPTURE_AUTORELEASING = YES;
				CLANG_WARN_BOOL_CONVERSION = YES;
				CLANG_WARN_COMMA = YES;
				CLANG_WARN_CONSTANT_CONVERSION = YES;
				CLANG_WARN_DEPRECATED_OBJC_IMPLEMENTATIONS = YES;
				CLANG_WARN_DIRECT_OBJC_ISA_USAGE = YES_ERROR;
				CLANG_WARN_DOCUMENTATION_COMMENTS = YES;
				CLANG_WARN_EMPTY_BODY = YES;
				CLANG_WARN_ENUM_CONVERSION = YES;
				CLANG_WARN_INFINITE_RECURSION = YES;
				CLANG_WARN_INT_CONVERSION = YES;
				CLANG_WARN_NON_LITERAL_NULL_CONVERSION = YES;
				CLANG_WARN_OBJC_IMPLICIT_RETAIN_SELF = YES;
				CLANG_WARN_OBJC_LITERAL_CONVERSION = YES;
				CLANG_WARN_OBJC_ROOT_CLASS = YES_ERROR;
				CLANG_WARN_QUOTED_INCLUDE_IN_FRAMEWORK_HEADER = YES;
				CLANG_WARN_RANGE_LOOP_ANALYSIS = YES;
				CLANG_WARN_STRICT_PROTOTYPES = YES;
				CLANG_WARN_SUSPICIOUS_MOVE = YES;
				CLANG_WARN_UNGUARDED_AVAILABILITY = YES_AGGRESSIVE;
				CLANG_WARN_UNREACHABLE_CODE = YES;
				CLANG_WARN__DUPLICATE_METHOD_MATCH = YES;
				COPY_PHASE_STRIP = NO;
				DEBUG_INFORMATION_FORMAT = "dwarf-with-dsym";
				DEVELOPMENT_TEAM = JCU86JR832;
				ENABLE_NS_ASSERTIONS = NO;
				ENABLE_STRICT_OBJC_MSGSEND = YES;
				ENABLE_USER_SCRIPT_SANDBOXING = YES;
				GCC_C_LANGUAGE_STANDARD = gnu17;
				GCC_NO_COMMON_BLOCKS = YES;
				GCC_WARN_64_TO_32_BIT_CONVERSION = YES;
				GCC_WARN_ABOUT_RETURN_TYPE = YES_ERROR;
				GCC_WARN_UNDECLARED_SELECTOR = YES;
				GCC_WARN_UNINITIALIZED_AUTOS = YES_AGGRESSIVE;
				GCC_WARN_UNUSED_FUNCTION = YES;
				GCC_WARN_UNUSED_VARIABLE = YES;
				IPHONEOS_DEPLOYMENT_TARGET = 18.4;
				LOCALIZATION_PREFERS_STRING_CATALOGS = YES;
				MTL_ENABLE_DEBUG_INFO = NO;
				MTL_FAST_MATH = YES;
				SDKROOT = iphoneos;
				SWIFT_COMPILATION_MODE = wholemodule;
				VALIDATE_PRODUCT = YES;
			};
			name = Release;
		};
		033959F22DC3DF68000AC166 /* Debug */ = {
			isa = XCBuildConfiguration;
			buildSettings = {
				ASSETCATALOG_COMPILER_APPICON_NAME = AppIcon;
				ASSETCATALOG_COMPILER_GLOBAL_ACCENT_COLOR_NAME = AccentColor;
				CODE_SIGN_STYLE = Automatic;
				CURRENT_PROJECT_VERSION = 1;
				DEVELOPMENT_TEAM = JCU86JR832;
				ENABLE_PREVIEWS = YES;
				GENERATE_INFOPLIST_FILE = YES;
				INFOPLIST_FILE = "Forget-Me-Not-Info.plist";
				INFOPLIST_KEY_CFBundleDisplayName = RememberMe;
				INFOPLIST_KEY_LSApplicationCategoryType = "public.app-category.medical";
				INFOPLIST_KEY_NSCameraUsageDescription = "";
				INFOPLIST_KEY_UIApplicationSceneManifest_Generation = YES;
				INFOPLIST_KEY_UIApplicationSupportsIndirectInputEvents = YES;
				INFOPLIST_KEY_UILaunchScreen_Generation = YES;
				INFOPLIST_KEY_UISupportedInterfaceOrientations_iPad = "UIInterfaceOrientationPortrait UIInterfaceOrientationPortraitUpsideDown UIInterfaceOrientationLandscapeLeft UIInterfaceOrientationLandscapeRight";
				INFOPLIST_KEY_UISupportedInterfaceOrientations_iPhone = "UIInterfaceOrientationPortrait UIInterfaceOrientationLandscapeLeft UIInterfaceOrientationLandscapeRight";
				LD_RUNPATH_SEARCH_PATHS = (
					"$(inherited)",
					"@executable_path/Frameworks",
				);
				MARKETING_VERSION = 1.0;
				PRODUCT_BUNDLE_IDENTIFIER = "mintara.Forget-Me-Not";
				PRODUCT_NAME = "$(TARGET_NAME)";
				SWIFT_EMIT_LOC_STRINGS = YES;
				SWIFT_VERSION = 5.0;
				TARGETED_DEVICE_FAMILY = "1,2";
			};
			name = Debug;
		};
		033959F32DC3DF68000AC166 /* Release */ = {
			isa = XCBuildConfiguration;
			buildSettings = {
				ASSETCATALOG_COMPILER_APPICON_NAME = AppIcon;
				ASSETCATALOG_COMPILER_GLOBAL_ACCENT_COLOR_NAME = AccentColor;
				CODE_SIGN_STYLE = Automatic;
				CURRENT_PROJECT_VERSION = 1;
				DEVELOPMENT_TEAM = JCU86JR832;
				ENABLE_PREVIEWS = YES;
				GENERATE_INFOPLIST_FILE = YES;
				INFOPLIST_FILE = "Forget-Me-Not-Info.plist";
				INFOPLIST_KEY_CFBundleDisplayName = RememberMe;
				INFOPLIST_KEY_LSApplicationCategoryType = "public.app-category.medical";
				INFOPLIST_KEY_NSCameraUsageDescription = "";
				INFOPLIST_KEY_UIApplicationSceneManifest_Generation = YES;
				INFOPLIST_KEY_UIApplicationSupportsIndirectInputEvents = YES;
				INFOPLIST_KEY_UILaunchScreen_Generation = YES;
				INFOPLIST_KEY_UISupportedInterfaceOrientations_iPad = "UIInterfaceOrientationPortrait UIInterfaceOrientationPortraitUpsideDown UIInterfaceOrientationLandscapeLeft UIInterfaceOrientationLandscapeRight";
				INFOPLIST_KEY_UISupportedInterfaceOrientations_iPhone = "UIInterfaceOrientationPortrait UIInterfaceOrientationLandscapeLeft UIInterfaceOrientationLandscapeRight";
				LD_RUNPATH_SEARCH_PATHS = (
					"$(inherited)",
					"@executable_path/Frameworks",
				);
				MARKETING_VERSION = 1.0;
				PRODUCT_BUNDLE_IDENTIFIER = "mintara.Forget-Me-Not";
				PRODUCT_NAME = "$(TARGET_NAME)";
				SWIFT_EMIT_LOC_STRINGS = YES;
				SWIFT_VERSION = 5.0;
				TARGETED_DEVICE_FAMILY = "1,2";
			};
			name = Release;
		};
		033959F52DC3DF68000AC166 /* Debug */ = {
			isa = XCBuildConfiguration;
			buildSettings = {
				BUNDLE_LOADER = "$(TEST_HOST)";
				CODE_SIGN_STYLE = Automatic;
				CURRENT_PROJECT_VERSION = 1;
				DEVELOPMENT_TEAM = JCU86JR832;
				GENERATE_INFOPLIST_FILE = YES;
				IPHONEOS_DEPLOYMENT_TARGET = 18.4;
				MARKETING_VERSION = 1.0;
				PRODUCT_BUNDLE_IDENTIFIER = "mintara.Forget-Me-NotTests";
				PRODUCT_NAME = "$(TARGET_NAME)";
				SWIFT_EMIT_LOC_STRINGS = NO;
				SWIFT_VERSION = 5.0;
				TARGETED_DEVICE_FAMILY = "1,2";
				TEST_HOST = "$(BUILT_PRODUCTS_DIR)/Forget Me Not.app/$(BUNDLE_EXECUTABLE_FOLDER_PATH)/Forget Me Not";
			};
			name = Debug;
		};
		033959F62DC3DF68000AC166 /* Release */ = {
			isa = XCBuildConfiguration;
			buildSettings = {
				BUNDLE_LOADER = "$(TEST_HOST)";
				CODE_SIGN_STYLE = Automatic;
				CURRENT_PROJECT_VERSION = 1;
				DEVELOPMENT_TEAM = JCU86JR832;
				GENERATE_INFOPLIST_FILE = YES;
				IPHONEOS_DEPLOYMENT_TARGET = 18.4;
				MARKETING_VERSION = 1.0;
				PRODUCT_BUNDLE_IDENTIFIER = "mintara.Forget-Me-NotTests";
				PRODUCT_NAME = "$(TARGET_NAME)";
				SWIFT_EMIT_LOC_STRINGS = NO;
				SWIFT_VERSION = 5.0;
				TARGETED_DEVICE_FAMILY = "1,2";
				TEST_HOST = "$(BUILT_PRODUCTS_DIR)/Forget Me Not.app/$(BUNDLE_EXECUTABLE_FOLDER_PATH)/Forget Me Not";
			};
			name = Release;
		};
		033959F82DC3DF68000AC166 /* Debug */ = {
			isa = XCBuildConfiguration;
			buildSettings = {
				CODE_SIGN_STYLE = Automatic;
				CURRENT_PROJECT_VERSION = 1;
				DEVELOPMENT_TEAM = JCU86JR832;
				GENERATE_INFOPLIST_FILE = YES;
				MARKETING_VERSION = 1.0;
				PRODUCT_BUNDLE_IDENTIFIER = "mintara.Forget-Me-NotUITests";
				PRODUCT_NAME = "$(TARGET_NAME)";
				SWIFT_EMIT_LOC_STRINGS = NO;
				SWIFT_VERSION = 5.0;
				TARGETED_DEVICE_FAMILY = "1,2";
				TEST_TARGET_NAME = "Forget Me Not";
			};
			name = Debug;
		};
		033959F92DC3DF68000AC166 /* Release */ = {
			isa = XCBuildConfiguration;
			buildSettings = {
				CODE_SIGN_STYLE = Automatic;
				CURRENT_PROJECT_VERSION = 1;
				DEVELOPMENT_TEAM = JCU86JR832;
				GENERATE_INFOPLIST_FILE = YES;
				MARKETING_VERSION = 1.0;
				PRODUCT_BUNDLE_IDENTIFIER = "mintara.Forget-Me-NotUITests";
				PRODUCT_NAME = "$(TARGET_NAME)";
				SWIFT_EMIT_LOC_STRINGS = NO;
				SWIFT_VERSION = 5.0;
				TARGETED_DEVICE_FAMILY = "1,2";
				TEST_TARGET_NAME = "Forget Me Not";
			};
			name = Release;
		};
/* End XCBuildConfiguration section */

/* Begin XCConfigurationList section */
		033959CB2DC3DF67000AC166 /* Build configuration list for PBXProject "Forget Me Not" */ = {
			isa = XCConfigurationList;
			buildConfigurations = (
				033959EF2DC3DF68000AC166 /* Debug */,
				033959F02DC3DF68000AC166 /* Release */,
			);
			defaultConfigurationIsVisible = 0;
			defaultConfigurationName = Release;
		};
		033959F12DC3DF68000AC166 /* Build configuration list for PBXNativeTarget "Forget Me Not" */ = {
			isa = XCConfigurationList;
			buildConfigurations = (
				033959F22DC3DF68000AC166 /* Debug */,
				033959F32DC3DF68000AC166 /* Release */,
			);
			defaultConfigurationIsVisible = 0;
			defaultConfigurationName = Release;
		};
		033959F42DC3DF68000AC166 /* Build configuration list for PBXNativeTarget "Forget Me NotTests" */ = {
			isa = XCConfigurationList;
			buildConfigurations = (
				033959F52DC3DF68000AC166 /* Debug */,
				033959F62DC3DF68000AC166 /* Release */,
			);
			defaultConfigurationIsVisible = 0;
			defaultConfigurationName = Release;
		};
		033959F72DC3DF68000AC166 /* Build configuration list for PBXNativeTarget "Forget Me NotUITests" */ = {
			isa = XCConfigurationList;
			buildConfigurations = (
				033959F82DC3DF68000AC166 /* Debug */,
				033959F92DC3DF68000AC166 /* Release */,
			);
			defaultConfigurationIsVisible = 0;
			defaultConfigurationName = Release;
		};
/* End XCConfigurationList section */

/* Begin XCRemoteSwiftPackageReference section */
		03395A142DC3F24C000AC166 /* XCRemoteSwiftPackageReference "firebase-ios-sdk" */ = {
			isa = XCRemoteSwiftPackageReference;
			repositoryURL = "https://github.com/firebase/firebase-ios-sdk.git";
			requirement = {
				kind = upToNextMajorVersion;
				minimumVersion = 11.12.0;
			};
		};
/* End XCRemoteSwiftPackageReference section */

/* Begin XCSwiftPackageProductDependency section */
		03395A152DC3F24C000AC166 /* FirebaseAuth */ = {
			isa = XCSwiftPackageProductDependency;
			package = 03395A142DC3F24C000AC166 /* XCRemoteSwiftPackageReference "firebase-ios-sdk" */;
			productName = FirebaseAuth;
		};
		03395A172DC3F24C000AC166 /* FirebaseFirestore */ = {
			isa = XCSwiftPackageProductDependency;
			package = 03395A142DC3F24C000AC166 /* XCRemoteSwiftPackageReference "firebase-ios-sdk" */;
			productName = FirebaseFirestore;
		};
/* End XCSwiftPackageProductDependency section */
	};
	rootObject = 033959C82DC3DF67000AC166 /* Project object */;
}
